// !$*UTF8*$!
{
	archiveVersion = 1;
	classes = {
	};
	objectVersion = 50;
	objects = {

/* Begin PBXBuildFile section */
		FF074C1E26F8D3AE00218A4E /* CardView.swift in Sources */ = {isa = PBXBuildFile; fileRef = FF074C1D26F8D3AE00218A4E /* CardView.swift */; };
		FF60084C267E6C4900E6DB19 /* Grid.swift in Sources */ = {isa = PBXBuildFile; fileRef = FF60084B267E6C4900E6DB19 /* Grid.swift */; };
		FF60084E267E731500E6DB19 /* GridLayout.swift in Sources */ = {isa = PBXBuildFile; fileRef = FF60084D267E731500E6DB19 /* GridLayout.swift */; };
		FF82800A268CC51F0087BAA8 /* Array+Identifiable.swift in Sources */ = {isa = PBXBuildFile; fileRef = FF828009268CC51F0087BAA8 /* Array+Identifiable.swift */; };
		FF82800C268CDB810087BAA8 /* Array+Only.swift in Sources */ = {isa = PBXBuildFile; fileRef = FF82800B268CDB810087BAA8 /* Array+Only.swift */; };
		FF9533B826CA7DB40003AFAA /* Pie.swift in Sources */ = {isa = PBXBuildFile; fileRef = FF9533B726CA7DB40003AFAA /* Pie.swift */; };
		FF9533BA26CB936F0003AFAA /* Cardify.swift in Sources */ = {isa = PBXBuildFile; fileRef = FF9533B926CB936F0003AFAA /* Cardify.swift */; };
		FF9D701B261C668F00D7D404 /* EmojiMemoryGame.swift in Sources */ = {isa = PBXBuildFile; fileRef = FF9D701A261C668F00D7D404 /* EmojiMemoryGame.swift */; };
		FFD122872616F85A0064A184 /* MemorizeApp.swift in Sources */ = {isa = PBXBuildFile; fileRef = FFD122862616F85A0064A184 /* MemorizeApp.swift */; };
		FFD122892616F85A0064A184 /* EmojiMemoryGameView.swift in Sources */ = {isa = PBXBuildFile; fileRef = FFD122882616F85A0064A184 /* EmojiMemoryGameView.swift */; };
		FFD1228B2616F85B0064A184 /* Assets.xcassets in Resources */ = {isa = PBXBuildFile; fileRef = FFD1228A2616F85B0064A184 /* Assets.xcassets */; };
		FFD1228E2616F85B0064A184 /* Preview Assets.xcassets in Resources */ = {isa = PBXBuildFile; fileRef = FFD1228D2616F85B0064A184 /* Preview Assets.xcassets */; };
		FFE77C75261B29EA00112DA2 /* MemoryGame.swift in Sources */ = {isa = PBXBuildFile; fileRef = FFE77C74261B29EA00112DA2 /* MemoryGame.swift */; };
/* End PBXBuildFile section */

/* Begin PBXFileReference section */
		FF074C1D26F8D3AE00218A4E /* CardView.swift */ = {isa = PBXFileReference; lastKnownFileType = sourcecode.swift; path = CardView.swift; sourceTree = "<group>"; };
		FF60084B267E6C4900E6DB19 /* Grid.swift */ = {isa = PBXFileReference; lastKnownFileType = sourcecode.swift; path = Grid.swift; sourceTree = "<group>"; };
		FF60084D267E731500E6DB19 /* GridLayout.swift */ = {isa = PBXFileReference; fileEncoding = 4; lastKnownFileType = sourcecode.swift; path = GridLayout.swift; sourceTree = "<group>"; };
		FF828009268CC51F0087BAA8 /* Array+Identifiable.swift */ = {isa = PBXFileReference; lastKnownFileType = sourcecode.swift; path = "Array+Identifiable.swift"; sourceTree = "<group>"; };
		FF82800B268CDB810087BAA8 /* Array+Only.swift */ = {isa = PBXFileReference; lastKnownFileType = sourcecode.swift; path = "Array+Only.swift"; sourceTree = "<group>"; };
		FF9533B726CA7DB40003AFAA /* Pie.swift */ = {isa = PBXFileReference; lastKnownFileType = sourcecode.swift; path = Pie.swift; sourceTree = "<group>"; };
		FF9533B926CB936F0003AFAA /* Cardify.swift */ = {isa = PBXFileReference; lastKnownFileType = sourcecode.swift; path = Cardify.swift; sourceTree = "<group>"; };
		FF9D701A261C668F00D7D404 /* EmojiMemoryGame.swift */ = {isa = PBXFileReference; lastKnownFileType = sourcecode.swift; path = EmojiMemoryGame.swift; sourceTree = "<group>"; };
		FFD122832616F85A0064A184 /* Memorize.app */ = {isa = PBXFileReference; explicitFileType = wrapper.application; includeInIndex = 0; path = Memorize.app; sourceTree = BUILT_PRODUCTS_DIR; };
		FFD122862616F85A0064A184 /* MemorizeApp.swift */ = {isa = PBXFileReference; lastKnownFileType = sourcecode.swift; path = MemorizeApp.swift; sourceTree = "<group>"; };
		FFD122882616F85A0064A184 /* EmojiMemoryGameView.swift */ = {isa = PBXFileReference; lastKnownFileType = sourcecode.swift; path = EmojiMemoryGameView.swift; sourceTree = "<group>"; };
		FFD1228A2616F85B0064A184 /* Assets.xcassets */ = {isa = PBXFileReference; lastKnownFileType = folder.assetcatalog; path = Assets.xcassets; sourceTree = "<group>"; };
		FFD1228D2616F85B0064A184 /* Preview Assets.xcassets */ = {isa = PBXFileReference; lastKnownFileType = folder.assetcatalog; path = "Preview Assets.xcassets"; sourceTree = "<group>"; };
		FFD1228F2616F85B0064A184 /* Info.plist */ = {isa = PBXFileReference; lastKnownFileType = text.plist.xml; path = Info.plist; sourceTree = "<group>"; };
		FFE77C74261B29EA00112DA2 /* MemoryGame.swift */ = {isa = PBXFileReference; lastKnownFileType = sourcecode.swift; path = MemoryGame.swift; sourceTree = "<group>"; };
/* End PBXFileReference section */

/* Begin PBXFrameworksBuildPhase section */
		FFD122802616F85A0064A184 /* Frameworks */ = {
			isa = PBXFrameworksBuildPhase;
			buildActionMask = 2147483647;
			files = (
			);
			runOnlyForDeploymentPostprocessing = 0;
		};
/* End PBXFrameworksBuildPhase section */

/* Begin PBXGroup section */
		FF074C1726F8D18600218A4E /* ViewModels */ = {
			isa = PBXGroup;
			children = (
				FF9D701A261C668F00D7D404 /* EmojiMemoryGame.swift */,
			);
			path = ViewModels;
			sourceTree = "<group>";
		};
		FF074C1826F8D1A600218A4E /* Views */ = {
			isa = PBXGroup;
			children = (
				FFD122882616F85A0064A184 /* EmojiMemoryGameView.swift */,
				FF074C1D26F8D3AE00218A4E /* CardView.swift */,
				FF60084B267E6C4900E6DB19 /* Grid.swift */,
				FF9533B926CB936F0003AFAA /* Cardify.swift */,
				FF9533B726CA7DB40003AFAA /* Pie.swift */,
			);
			path = Views;
			sourceTree = "<group>";
		};
		FF074C1926F8D1C900218A4E /* SupportingFiles */ = {
			isa = PBXGroup;
			children = (
				FF828009268CC51F0087BAA8 /* Array+Identifiable.swift */,
				FF82800B268CDB810087BAA8 /* Array+Only.swift */,
				FF60084D267E731500E6DB19 /* GridLayout.swift */,
			);
			path = SupportingFiles;
			sourceTree = "<group>";
		};
		FF074C1A26F8D25C00218A4E /* Models */ = {
			isa = PBXGroup;
			children = (
				FFE77C74261B29EA00112DA2 /* MemoryGame.swift */,
			);
			path = Models;
			sourceTree = "<group>";
		};
		FFD1227A2616F85A0064A184 = {
			isa = PBXGroup;
			children = (
				FFD122852616F85A0064A184 /* Memorize */,
				FFD122842616F85A0064A184 /* Products */,
			);
			sourceTree = "<group>";
		};
		FFD122842616F85A0064A184 /* Products */ = {
			isa = PBXGroup;
			children = (
				FFD122832616F85A0064A184 /* Memorize.app */,
			);
			name = Products;
			sourceTree = "<group>";
		};
		FFD122852616F85A0064A184 /* Memorize */ = {
			isa = PBXGroup;
			children = (
				FFD122862616F85A0064A184 /* MemorizeApp.swift */,
				FF074C1A26F8D25C00218A4E /* Models */,
				FF074C1826F8D1A600218A4E /* Views */,
				FF074C1726F8D18600218A4E /* ViewModels */,
				FF074C1926F8D1C900218A4E /* SupportingFiles */,
				FFD1228A2616F85B0064A184 /* Assets.xcassets */,
				FFD1228F2616F85B0064A184 /* Info.plist */,
				FFD1228C2616F85B0064A184 /* Preview Content */,
			);
			path = Memorize;
			sourceTree = "<group>";
		};
		FFD1228C2616F85B0064A184 /* Preview Content */ = {
			isa = PBXGroup;
			children = (
				FFD1228D2616F85B0064A184 /* Preview Assets.xcassets */,
			);
			path = "Preview Content";
			sourceTree = "<group>";
		};
/* End PBXGroup section */

/* Begin PBXNativeTarget section */
		FFD122822616F85A0064A184 /* Memorize */ = {
			isa = PBXNativeTarget;
			buildConfigurationList = FFD122922616F85B0064A184 /* Build configuration list for PBXNativeTarget "Memorize" */;
			buildPhases = (
				FFD1227F2616F85A0064A184 /* Sources */,
				FFD122802616F85A0064A184 /* Frameworks */,
				FFD122812616F85A0064A184 /* Resources */,
			);
			buildRules = (
			);
			dependencies = (
			);
			name = Memorize;
			productName = Memorize;
			productReference = FFD122832616F85A0064A184 /* Memorize.app */;
			productType = "com.apple.product-type.application";
		};
/* End PBXNativeTarget section */

/* Begin PBXProject section */
		FFD1227B2616F85A0064A184 /* Project object */ = {
			isa = PBXProject;
			attributes = {
				LastSwiftUpdateCheck = 1240;
				LastUpgradeCheck = 1240;
				ORGANIZATIONNAME = "Vladimir Stepanchikov";
				TargetAttributes = {
					FFD122822616F85A0064A184 = {
						CreatedOnToolsVersion = 12.4;
					};
				};
			};
			buildConfigurationList = FFD1227E2616F85A0064A184 /* Build configuration list for PBXProject "Memorize" */;
			compatibilityVersion = "Xcode 9.3";
			developmentRegion = en;
			hasScannedForEncodings = 0;
			knownRegions = (
				en,
				Base,
			);
			mainGroup = FFD1227A2616F85A0064A184;
			productRefGroup = FFD122842616F85A0064A184 /* Products */;
			projectDirPath = "";
			projectRoot = "";
			targets = (
				FFD122822616F85A0064A184 /* Memorize */,
			);
		};
/* End PBXProject section */

/* Begin PBXResourcesBuildPhase section */
		FFD122812616F85A0064A184 /* Resources */ = {
			isa = PBXResourcesBuildPhase;
			buildActionMask = 2147483647;
			files = (
				FFD1228E2616F85B0064A184 /* Preview Assets.xcassets in Resources */,
				FFD1228B2616F85B0064A184 /* Assets.xcassets in Resources */,
			);
			runOnlyForDeploymentPostprocessing = 0;
		};
/* End PBXResourcesBuildPhase section */

/* Begin PBXSourcesBuildPhase section */
		FFD1227F2616F85A0064A184 /* Sources */ = {
			isa = PBXSourcesBuildPhase;
			buildActionMask = 2147483647;
			files = (
				FFE77C75261B29EA00112DA2 /* MemoryGame.swift in Sources */,
				FFD122892616F85A0064A184 /* EmojiMemoryGameView.swift in Sources */,
				FFD122872616F85A0064A184 /* MemorizeApp.swift in Sources */,
				FF9533B826CA7DB40003AFAA /* Pie.swift in Sources */,
				FF60084E267E731500E6DB19 /* GridLayout.swift in Sources */,
				FF60084C267E6C4900E6DB19 /* Grid.swift in Sources */,
				FF82800A268CC51F0087BAA8 /* Array+Identifiable.swift in Sources */,
				FF9D701B261C668F00D7D404 /* EmojiMemoryGame.swift in Sources */,
				FF9533BA26CB936F0003AFAA /* Cardify.swift in Sources */,
				FF074C1E26F8D3AE00218A4E /* CardView.swift in Sources */,
				FF82800C268CDB810087BAA8 /* Array+Only.swift in Sources */,
			);
			runOnlyForDeploymentPostprocessing = 0;
		};
/* End PBXSourcesBuildPhase section */

/* Begin XCBuildConfiguration section */
		FFD122902616F85B0064A184 /* Debug */ = {
			isa = XCBuildConfiguration;
			buildSettings = {
				ALWAYS_SEARCH_USER_PATHS = NO;
				CLANG_ANALYZER_NONNULL = YES;
				CLANG_ANALYZER_NUMBER_OBJECT_CONVERSION = YES_AGGRESSIVE;
				CLANG_CXX_LANGUAGE_STANDARD = "gnu++14";
				CLANG_CXX_LIBRARY = "libc++";
				CLANG_ENABLE_MODULES = YES;
				CLANG_ENABLE_OBJC_ARC = YES;
				CLANG_ENABLE_OBJC_WEAK = YES;
				CLANG_WARN_BLOCK_CAPTURE_AUTORELEASING = YES;
				CLANG_WARN_BOOL_CONVERSION = YES;
				CLANG_WARN_COMMA = YES;
				CLANG_WARN_CONSTANT_CONVERSION = YES;
				CLANG_WARN_DEPRECATED_OBJC_IMPLEMENTATIONS = YES;
				CLANG_WARN_DIRECT_OBJC_ISA_USAGE = YES_ERROR;
				CLANG_WARN_DOCUMENTATION_COMMENTS = YES;
				CLANG_WARN_EMPTY_BODY = YES;
				CLANG_WARN_ENUM_CONVERSION = YES;
				CLANG_WARN_INFINITE_RECURSION = YES;
				CLANG_WARN_INT_CONVERSION = YES;
				CLANG_WARN_NON_LITERAL_NULL_CONVERSION = YES;
				CLANG_WARN_OBJC_IMPLICIT_RETAIN_SELF = YES;
				CLANG_WARN_OBJC_LITERAL_CONVERSION = YES;
				CLANG_WARN_OBJC_ROOT_CLASS = YES_ERROR;
				CLANG_WARN_QUOTED_INCLUDE_IN_FRAMEWORK_HEADER = YES;
				CLANG_WARN_RANGE_LOOP_ANALYSIS = YES;
				CLANG_WARN_STRICT_PROTOTYPES = YES;
				CLANG_WARN_SUSPICIOUS_MOVE = YES;
				CLANG_WARN_UNGUARDED_AVAILABILITY = YES_AGGRESSIVE;
				CLANG_WARN_UNREACHABLE_CODE = YES;
				CLANG_WARN__DUPLICATE_METHOD_MATCH = YES;
				COPY_PHASE_STRIP = NO;
				DEBUG_INFORMATION_FORMAT = dwarf;
				ENABLE_STRICT_OBJC_MSGSEND = YES;
				ENABLE_TESTABILITY = YES;
				GCC_C_LANGUAGE_STANDARD = gnu11;
				GCC_DYNAMIC_NO_PIC = NO;
				GCC_NO_COMMON_BLOCKS = YES;
				GCC_OPTIMIZATION_LEVEL = 0;
				GCC_PREPROCESSOR_DEFINITIONS = (
					"DEBUG=1",
					"$(inherited)",
				);
				GCC_WARN_64_TO_32_BIT_CONVERSION = YES;
				GCC_WARN_ABOUT_RETURN_TYPE = YES_ERROR;
				GCC_WARN_UNDECLARED_SELECTOR = YES;
				GCC_WARN_UNINITIALIZED_AUTOS = YES_AGGRESSIVE;
				GCC_WARN_UNUSED_FUNCTION = YES;
				GCC_WARN_UNUSED_VARIABLE = YES;
				IPHONEOS_DEPLOYMENT_TARGET = 14.4;
				MTL_ENABLE_DEBUG_INFO = INCLUDE_SOURCE;
				MTL_FAST_MATH = YES;
				ONLY_ACTIVE_ARCH = YES;
				SDKROOT = iphoneos;
				SWIFT_ACTIVE_COMPILATION_CONDITIONS = DEBUG;
				SWIFT_OPTIMIZATION_LEVEL = "-Onone";
			};
			name = Debug;
		};
		FFD122912616F85B0064A184 /* Release */ = {
			isa = XCBuildConfiguration;
			buildSettings = {
				ALWAYS_SEARCH_USER_PATHS = NO;
				CLANG_ANALYZER_NONNULL = YES;
				CLANG_ANALYZER_NUMBER_OBJECT_CONVERSION = YES_AGGRESSIVE;
				CLANG_CXX_LANGUAGE_STANDARD = "gnu++14";
				CLANG_CXX_LIBRARY = "libc++";
				CLANG_ENABLE_MODULES = YES;
				CLANG_ENABLE_OBJC_ARC = YES;
				CLANG_ENABLE_OBJC_WEAK = YES;
				CLANG_WARN_BLOCK_CAPTURE_AUTORELEASING = YES;
				CLANG_WARN_BOOL_CONVERSION = YES;
				CLANG_WARN_COMMA = YES;
				CLANG_WARN_CONSTANT_CONVERSION = YES;
				CLANG_WARN_DEPRECATED_OBJC_IMPLEMENTATIONS = YES;
				CLANG_WARN_DIRECT_OBJC_ISA_USAGE = YES_ERROR;
				CLANG_WARN_DOCUMENTATION_COMMENTS = YES;
				CLANG_WARN_EMPTY_BODY = YES;
				CLANG_WARN_ENUM_CONVERSION = YES;
				CLANG_WARN_INFINITE_RECURSION = YES;
				CLANG_WARN_INT_CONVERSION = YES;
				CLANG_WARN_NON_LITERAL_NULL_CONVERSION = YES;
				CLANG_WARN_OBJC_IMPLICIT_RETAIN_SELF = YES;
				CLANG_WARN_OBJC_LITERAL_CONVERSION = YES;
				CLANG_WARN_OBJC_ROOT_CLASS = YES_ERROR;
				CLANG_WARN_QUOTED_INCLUDE_IN_FRAMEWORK_HEADER = YES;
				CLANG_WARN_RANGE_LOOP_ANALYSIS = YES;
				CLANG_WARN_STRICT_PROTOTYPES = YES;
				CLANG_WARN_SUSPICIOUS_MOVE = YES;
				CLANG_WARN_UNGUARDED_AVAILABILITY = YES_AGGRESSIVE;
				CLANG_WARN_UNREACHABLE_CODE = YES;
				CLANG_WARN__DUPLICATE_METHOD_MATCH = YES;
				COPY_PHASE_STRIP = NO;
				DEBUG_INFORMATION_FORMAT = "dwarf-with-dsym";
				ENABLE_NS_ASSERTIONS = NO;
				ENABLE_STRICT_OBJC_MSGSEND = YES;
				GCC_C_LANGUAGE_STANDARD = gnu11;
				GCC_NO_COMMON_BLOCKS = YES;
				GCC_WARN_64_TO_32_BIT_CONVERSION = YES;
				GCC_WARN_ABOUT_RETURN_TYPE = YES_ERROR;
				GCC_WARN_UNDECLARED_SELECTOR = YES;
				GCC_WARN_UNINITIALIZED_AUTOS = YES_AGGRESSIVE;
				GCC_WARN_UNUSED_FUNCTION = YES;
				GCC_WARN_UNUSED_VARIABLE = YES;
				IPHONEOS_DEPLOYMENT_TARGET = 14.4;
				MTL_ENABLE_DEBUG_INFO = NO;
				MTL_FAST_MATH = YES;
				SDKROOT = iphoneos;
				SWIFT_COMPILATION_MODE = wholemodule;
				SWIFT_OPTIMIZATION_LEVEL = "-O";
				VALIDATE_PRODUCT = YES;
			};
			name = Release;
		};
		FFD122932616F85B0064A184 /* Debug */ = {
			isa = XCBuildConfiguration;
			buildSettings = {
				ASSETCATALOG_COMPILER_APPICON_NAME = AppIcon;
				ASSETCATALOG_COMPILER_GLOBAL_ACCENT_COLOR_NAME = AccentColor;
				CODE_SIGN_STYLE = Automatic;
				DEVELOPMENT_ASSET_PATHS = "\"Memorize/Preview Content\"";
				DEVELOPMENT_TEAM = V9KWBFA2B6;
				ENABLE_PREVIEWS = YES;
				INFOPLIST_FILE = Memorize/Info.plist;
				IPHONEOS_DEPLOYMENT_TARGET = 14.0;
				LD_RUNPATH_SEARCH_PATHS = (
					"$(inherited)",
					"@executable_path/Frameworks",
				);
				PRODUCT_BUNDLE_IDENTIFIER = VS.Memorize;
				PRODUCT_NAME = "$(TARGET_NAME)";
				SWIFT_VERSION = 5.0;
				TARGETED_DEVICE_FAMILY = "1,2";
			};
			name = Debug;
		};
		FFD122942616F85B0064A184 /* Release */ = {
			isa = XCBuildConfiguration;
			buildSettings = {
				ASSETCATALOG_COMPILER_APPICON_NAME = AppIcon;
				ASSETCATALOG_COMPILER_GLOBAL_ACCENT_COLOR_NAME = AccentColor;
				CODE_SIGN_STYLE = Automatic;
				DEVELOPMENT_ASSET_PATHS = "\"Memorize/Preview Content\"";
				DEVELOPMENT_TEAM = V9KWBFA2B6;
				ENABLE_PREVIEWS = YES;
				INFOPLIST_FILE = Memorize/Info.plist;
				IPHONEOS_DEPLOYMENT_TARGET = 14.0;
				LD_RUNPATH_SEARCH_PATHS = (
					"$(inherited)",
					"@executable_path/Frameworks",
				);
				PRODUCT_BUNDLE_IDENTIFIER = VS.Memorize;
				PRODUCT_NAME = "$(TARGET_NAME)";
				SWIFT_VERSION = 5.0;
				TARGETED_DEVICE_FAMILY = "1,2";
			};
			name = Release;
		};
/* End XCBuildConfiguration section */

/* Begin XCConfigurationList section */
		FFD1227E2616F85A0064A184 /* Build configuration list for PBXProject "Memorize" */ = {
			isa = XCConfigurationList;
			buildConfigurations = (
				FFD122902616F85B0064A184 /* Debug */,
				FFD122912616F85B0064A184 /* Release */,
			);
			defaultConfigurationIsVisible = 0;
			defaultConfigurationName = Release;
		};
		FFD122922616F85B0064A184 /* Build configuration list for PBXNativeTarget "Memorize" */ = {
			isa = XCConfigurationList;
			buildConfigurations = (
				FFD122932616F85B0064A184 /* Debug */,
				FFD122942616F85B0064A184 /* Release */,
			);
			defaultConfigurationIsVisible = 0;
			defaultConfigurationName = Release;
		};
/* End XCConfigurationList section */
	};
	rootObject = FFD1227B2616F85A0064A184 /* Project object */;
}
